// !$*UTF8*$!
{
	archiveVersion = 1;
	classes = {
	};
	objectVersion = 46;
	objects = {

/* Begin PBXBuildFile section */
		2D1277D314B86371005D1986 /* UIKit.framework in Frameworks */ = {isa = PBXBuildFile; fileRef = 2D1277D214B86371005D1986 /* UIKit.framework */; };
		2D1277D514B86371005D1986 /* Foundation.framework in Frameworks */ = {isa = PBXBuildFile; fileRef = 2D1277D414B86371005D1986 /* Foundation.framework */; };
		2D1277D714B86371005D1986 /* CoreGraphics.framework in Frameworks */ = {isa = PBXBuildFile; fileRef = 2D1277D614B86371005D1986 /* CoreGraphics.framework */; };
		2D1277DD14B86371005D1986 /* InfoPlist.strings in Resources */ = {isa = PBXBuildFile; fileRef = 2D1277DB14B86371005D1986 /* InfoPlist.strings */; };
		2D1277DF14B86371005D1986 /* main.m in Sources */ = {isa = PBXBuildFile; fileRef = 2D1277DE14B86371005D1986 /* main.m */; };
		2D1277E314B86371005D1986 /* AppDelegate.m in Sources */ = {isa = PBXBuildFile; fileRef = 2D1277E214B86371005D1986 /* AppDelegate.m */; };
		2D1277E614B86371005D1986 /* FirstViewController.m in Sources */ = {isa = PBXBuildFile; fileRef = 2D1277E514B86371005D1986 /* FirstViewController.m */; };
		2D1277E814B86371005D1986 /* first.png in Resources */ = {isa = PBXBuildFile; fileRef = 2D1277E714B86371005D1986 /* first.png */; };
		2D1277EA14B86371005D1986 /* first@2x.png in Resources */ = {isa = PBXBuildFile; fileRef = 2D1277E914B86371005D1986 /* first@2x.png */; };
		2D1277ED14B86371005D1986 /* SecondViewController.m in Sources */ = {isa = PBXBuildFile; fileRef = 2D1277EC14B86371005D1986 /* SecondViewController.m */; };
		2D1277EF14B86371005D1986 /* second.png in Resources */ = {isa = PBXBuildFile; fileRef = 2D1277EE14B86371005D1986 /* second.png */; };
		2D1277F114B86371005D1986 /* second@2x.png in Resources */ = {isa = PBXBuildFile; fileRef = 2D1277F014B86371005D1986 /* second@2x.png */; };
		2D1277F414B86371005D1986 /* FirstViewController.xib in Resources */ = {isa = PBXBuildFile; fileRef = 2D1277F214B86371005D1986 /* FirstViewController.xib */; };
		2D1277F714B86371005D1986 /* SecondViewController.xib in Resources */ = {isa = PBXBuildFile; fileRef = 2D1277F514B86371005D1986 /* SecondViewController.xib */; };
		2D12780414B864EE005D1986 /* InAppEmail.m in Sources */ = {isa = PBXBuildFile; fileRef = 2D12780314B864EE005D1986 /* InAppEmail.m */; };
		2D12781714B86B3D005D1986 /* MessageUI.framework in Frameworks */ = {isa = PBXBuildFile; fileRef = 2D12781614B86B3D005D1986 /* MessageUI.framework */; };
		2D12782014B876D3005D1986 /* Localizable.strings in Resources */ = {isa = PBXBuildFile; fileRef = 2D12782214B876D3005D1986 /* Localizable.strings */; };
		2DAD1CA014B882C500AD6B4B /* icon.png in Resources */ = {isa = PBXBuildFile; fileRef = 2DAD1C9F14B882C500AD6B4B /* icon.png */; };
		2DAD1CA214B882CA00AD6B4B /* icon@2x.png in Resources */ = {isa = PBXBuildFile; fileRef = 2DAD1CA114B882CA00AD6B4B /* icon@2x.png */; };
/* End PBXBuildFile section */

/* Begin PBXFileReference section */
		2D1277CE14B86371005D1986 /* InAppMail-Example.app */ = {isa = PBXFileReference; explicitFileType = wrapper.application; includeInIndex = 0; path = "InAppMail-Example.app"; sourceTree = BUILT_PRODUCTS_DIR; };
		2D1277D214B86371005D1986 /* UIKit.framework */ = {isa = PBXFileReference; lastKnownFileType = wrapper.framework; name = UIKit.framework; path = System/Library/Frameworks/UIKit.framework; sourceTree = SDKROOT; };
		2D1277D414B86371005D1986 /* Foundation.framework */ = {isa = PBXFileReference; lastKnownFileType = wrapper.framework; name = Foundation.framework; path = System/Library/Frameworks/Foundation.framework; sourceTree = SDKROOT; };
		2D1277D614B86371005D1986 /* CoreGraphics.framework */ = {isa = PBXFileReference; lastKnownFileType = wrapper.framework; name = CoreGraphics.framework; path = System/Library/Frameworks/CoreGraphics.framework; sourceTree = SDKROOT; };
		2D1277DA14B86371005D1986 /* InAppMail-Example-Info.plist */ = {isa = PBXFileReference; lastKnownFileType = text.plist.xml; path = "InAppMail-Example-Info.plist"; sourceTree = "<group>"; };
		2D1277DC14B86371005D1986 /* en */ = {isa = PBXFileReference; lastKnownFileType = text.plist.strings; name = en; path = en.lproj/InfoPlist.strings; sourceTree = "<group>"; };
		2D1277DE14B86371005D1986 /* main.m */ = {isa = PBXFileReference; lastKnownFileType = sourcecode.c.objc; path = main.m; sourceTree = "<group>"; };
		2D1277E014B86371005D1986 /* InAppMail-Example-Prefix.pch */ = {isa = PBXFileReference; lastKnownFileType = sourcecode.c.h; path = "InAppMail-Example-Prefix.pch"; sourceTree = "<group>"; };
		2D1277E114B86371005D1986 /* AppDelegate.h */ = {isa = PBXFileReference; lastKnownFileType = sourcecode.c.h; path = AppDelegate.h; sourceTree = "<group>"; };
		2D1277E214B86371005D1986 /* AppDelegate.m */ = {isa = PBXFileReference; lastKnownFileType = sourcecode.c.objc; path = AppDelegate.m; sourceTree = "<group>"; };
		2D1277E414B86371005D1986 /* FirstViewController.h */ = {isa = PBXFileReference; lastKnownFileType = sourcecode.c.h; path = FirstViewController.h; sourceTree = "<group>"; };
		2D1277E514B86371005D1986 /* FirstViewController.m */ = {isa = PBXFileReference; lastKnownFileType = sourcecode.c.objc; path = FirstViewController.m; sourceTree = "<group>"; };
		2D1277E714B86371005D1986 /* first.png */ = {isa = PBXFileReference; lastKnownFileType = image.png; path = first.png; sourceTree = "<group>"; };
		2D1277E914B86371005D1986 /* first@2x.png */ = {isa = PBXFileReference; lastKnownFileType = image.png; path = "first@2x.png"; sourceTree = "<group>"; };
		2D1277EB14B86371005D1986 /* SecondViewController.h */ = {isa = PBXFileReference; lastKnownFileType = sourcecode.c.h; path = SecondViewController.h; sourceTree = "<group>"; };
		2D1277EC14B86371005D1986 /* SecondViewController.m */ = {isa = PBXFileReference; lastKnownFileType = sourcecode.c.objc; path = SecondViewController.m; sourceTree = "<group>"; };
		2D1277EE14B86371005D1986 /* second.png */ = {isa = PBXFileReference; lastKnownFileType = image.png; path = second.png; sourceTree = "<group>"; };
		2D1277F014B86371005D1986 /* second@2x.png */ = {isa = PBXFileReference; lastKnownFileType = image.png; path = "second@2x.png"; sourceTree = "<group>"; };
		2D1277F314B86371005D1986 /* en */ = {isa = PBXFileReference; lastKnownFileType = file.xib; name = en; path = en.lproj/FirstViewController.xib; sourceTree = "<group>"; };
		2D1277F614B86371005D1986 /* en */ = {isa = PBXFileReference; lastKnownFileType = file.xib; name = en; path = en.lproj/SecondViewController.xib; sourceTree = "<group>"; };
		2D12780214B864EE005D1986 /* InAppEmail.h */ = {isa = PBXFileReference; fileEncoding = 4; lastKnownFileType = sourcecode.c.h; path = InAppEmail.h; sourceTree = "<group>"; };
		2D12780314B864EE005D1986 /* InAppEmail.m */ = {isa = PBXFileReference; fileEncoding = 4; lastKnownFileType = sourcecode.c.objc; path = InAppEmail.m; sourceTree = "<group>"; };
		2D12781614B86B3D005D1986 /* MessageUI.framework */ = {isa = PBXFileReference; lastKnownFileType = wrapper.framework; name = MessageUI.framework; path = System/Library/Frameworks/MessageUI.framework; sourceTree = SDKROOT; };
		2D12782114B876D3005D1986 /* en */ = {isa = PBXFileReference; lastKnownFileType = text.plist.strings; name = en; path = en.lproj/Localizable.strings; sourceTree = "<group>"; };
		2D12782314B876EA005D1986 /* pl */ = {isa = PBXFileReference; lastKnownFileType = text.plist.strings; name = pl; path = pl.lproj/Localizable.strings; sourceTree = "<group>"; };
		2DAD1C9F14B882C500AD6B4B /* icon.png */ = {isa = PBXFileReference; lastKnownFileType = image.png; path = icon.png; sourceTree = "<group>"; };
		2DAD1CA114B882CA00AD6B4B /* icon@2x.png */ = {isa = PBXFileReference; lastKnownFileType = image.png; path = "icon@2x.png"; sourceTree = "<group>"; };
/* End PBXFileReference section */

/* Begin PBXFrameworksBuildPhase section */
		2D1277CB14B86371005D1986 /* Frameworks */ = {
			isa = PBXFrameworksBuildPhase;
			buildActionMask = 2147483647;
			files = (
				2D12781714B86B3D005D1986 /* MessageUI.framework in Frameworks */,
				2D1277D314B86371005D1986 /* UIKit.framework in Frameworks */,
				2D1277D514B86371005D1986 /* Foundation.framework in Frameworks */,
				2D1277D714B86371005D1986 /* CoreGraphics.framework in Frameworks */,
			);
			runOnlyForDeploymentPostprocessing = 0;
		};
/* End PBXFrameworksBuildPhase section */

/* Begin PBXGroup section */
		2D1277C314B86370005D1986 = {
			isa = PBXGroup;
			children = (
				2DAD1CA114B882CA00AD6B4B /* icon@2x.png */,
				2DAD1C9F14B882C500AD6B4B /* icon.png */,
				2D1277FD14B86444005D1986 /* InAppMail */,
				2D1277D814B86371005D1986 /* InAppMail-Example */,
				2D1277D114B86371005D1986 /* Frameworks */,
				2D1277CF14B86371005D1986 /* Products */,
			);
			sourceTree = "<group>";
		};
		2D1277CF14B86371005D1986 /* Products */ = {
			isa = PBXGroup;
			children = (
				2D1277CE14B86371005D1986 /* InAppMail-Example.app */,
			);
			name = Products;
			sourceTree = "<group>";
		};
		2D1277D114B86371005D1986 /* Frameworks */ = {
			isa = PBXGroup;
			children = (
				2D12781614B86B3D005D1986 /* MessageUI.framework */,
				2D1277D214B86371005D1986 /* UIKit.framework */,
				2D1277D414B86371005D1986 /* Foundation.framework */,
				2D1277D614B86371005D1986 /* CoreGraphics.framework */,
			);
			name = Frameworks;
			sourceTree = "<group>";
		};
		2D1277D814B86371005D1986 /* InAppMail-Example */ = {
			isa = PBXGroup;
			children = (
				2D12782214B876D3005D1986 /* Localizable.strings */,
				2D1277E114B86371005D1986 /* AppDelegate.h */,
				2D1277E214B86371005D1986 /* AppDelegate.m */,
				2D1277E414B86371005D1986 /* FirstViewController.h */,
				2D1277E514B86371005D1986 /* FirstViewController.m */,
				2D1277E714B86371005D1986 /* first.png */,
				2D1277E914B86371005D1986 /* first@2x.png */,
				2D1277EB14B86371005D1986 /* SecondViewController.h */,
				2D1277EC14B86371005D1986 /* SecondViewController.m */,
				2D1277EE14B86371005D1986 /* second.png */,
				2D1277F014B86371005D1986 /* second@2x.png */,
				2D1277F214B86371005D1986 /* FirstViewController.xib */,
				2D1277F514B86371005D1986 /* SecondViewController.xib */,
				2D1277D914B86371005D1986 /* Supporting Files */,
			);
			path = "InAppMail-Example";
			sourceTree = "<group>";
		};
		2D1277D914B86371005D1986 /* Supporting Files */ = {
			isa = PBXGroup;
			children = (
				2D1277DA14B86371005D1986 /* InAppMail-Example-Info.plist */,
				2D1277DB14B86371005D1986 /* InfoPlist.strings */,
				2D1277DE14B86371005D1986 /* main.m */,
				2D1277E014B86371005D1986 /* InAppMail-Example-Prefix.pch */,
			);
			name = "Supporting Files";
			sourceTree = "<group>";
		};
		2D1277FD14B86444005D1986 /* InAppMail */ = {
			isa = PBXGroup;
			children = (
				2D12780214B864EE005D1986 /* InAppEmail.h */,
				2D12780314B864EE005D1986 /* InAppEmail.m */,
			);
			name = InAppMail;
			path = "InAppMail-Example/InAppMail";
			sourceTree = "<group>";
		};
/* End PBXGroup section */

/* Begin PBXNativeTarget section */
		2D1277CD14B86371005D1986 /* InAppMail-Example */ = {
			isa = PBXNativeTarget;
			buildConfigurationList = 2D1277FA14B86371005D1986 /* Build configuration list for PBXNativeTarget "InAppMail-Example" */;
			buildPhases = (
				2D1277CA14B86371005D1986 /* Sources */,
				2D1277CB14B86371005D1986 /* Frameworks */,
				2D1277CC14B86371005D1986 /* Resources */,
			);
			buildRules = (
			);
			dependencies = (
			);
			name = "InAppMail-Example";
			productName = "InAppMail-Example";
			productReference = 2D1277CE14B86371005D1986 /* InAppMail-Example.app */;
			productType = "com.apple.product-type.application";
		};
/* End PBXNativeTarget section */

/* Begin PBXProject section */
		2D1277C514B86370005D1986 /* Project object */ = {
			isa = PBXProject;
			attributes = {
				LastUpgradeCheck = 0420;
			};
			buildConfigurationList = 2D1277C814B86370005D1986 /* Build configuration list for PBXProject "InAppMail-Example" */;
			compatibilityVersion = "Xcode 3.2";
			developmentRegion = English;
			hasScannedForEncodings = 0;
			knownRegions = (
				en,
				de,
				pl,
				es,
			);
			mainGroup = 2D1277C314B86370005D1986;
			productRefGroup = 2D1277CF14B86371005D1986 /* Products */;
			projectDirPath = "";
			projectRoot = "";
			targets = (
				2D1277CD14B86371005D1986 /* InAppMail-Example */,
			);
		};
/* End PBXProject section */

/* Begin PBXResourcesBuildPhase section */
		2D1277CC14B86371005D1986 /* Resources */ = {
			isa = PBXResourcesBuildPhase;
			buildActionMask = 2147483647;
			files = (
				2D1277DD14B86371005D1986 /* InfoPlist.strings in Resources */,
				2D1277E814B86371005D1986 /* first.png in Resources */,
				2D1277EA14B86371005D1986 /* first@2x.png in Resources */,
				2D1277EF14B86371005D1986 /* second.png in Resources */,
				2D1277F114B86371005D1986 /* second@2x.png in Resources */,
				2D1277F414B86371005D1986 /* FirstViewController.xib in Resources */,
				2D1277F714B86371005D1986 /* SecondViewController.xib in Resources */,
				2D12782014B876D3005D1986 /* Localizable.strings in Resources */,
				2DAD1CA014B882C500AD6B4B /* icon.png in Resources */,
				2DAD1CA214B882CA00AD6B4B /* icon@2x.png in Resources */,
			);
			runOnlyForDeploymentPostprocessing = 0;
		};
/* End PBXResourcesBuildPhase section */

/* Begin PBXSourcesBuildPhase section */
		2D1277CA14B86371005D1986 /* Sources */ = {
			isa = PBXSourcesBuildPhase;
			buildActionMask = 2147483647;
			files = (
				2D1277DF14B86371005D1986 /* main.m in Sources */,
				2D1277E314B86371005D1986 /* AppDelegate.m in Sources */,
				2D1277E614B86371005D1986 /* FirstViewController.m in Sources */,
				2D1277ED14B86371005D1986 /* SecondViewController.m in Sources */,
				2D12780414B864EE005D1986 /* InAppEmail.m in Sources */,
			);
			runOnlyForDeploymentPostprocessing = 0;
		};
/* End PBXSourcesBuildPhase section */

/* Begin PBXVariantGroup section */
		2D1277DB14B86371005D1986 /* InfoPlist.strings */ = {
			isa = PBXVariantGroup;
			children = (
				2D1277DC14B86371005D1986 /* en */,
			);
			name = InfoPlist.strings;
			sourceTree = "<group>";
		};
		2D1277F214B86371005D1986 /* FirstViewController.xib */ = {
			isa = PBXVariantGroup;
			children = (
				2D1277F314B86371005D1986 /* en */,
			);
			name = FirstViewController.xib;
			sourceTree = "<group>";
		};
		2D1277F514B86371005D1986 /* SecondViewController.xib */ = {
			isa = PBXVariantGroup;
			children = (
				2D1277F614B86371005D1986 /* en */,
			);
			name = SecondViewController.xib;
			sourceTree = "<group>";
		};
		2D12782214B876D3005D1986 /* Localizable.strings */ = {
			isa = PBXVariantGroup;
			children = (
				2D12782114B876D3005D1986 /* en */,
				2D12782314B876EA005D1986 /* pl */,
			);
			name = Localizable.strings;
			path = ..;
			sourceTree = "<group>";
		};
/* End PBXVariantGroup section */

/* Begin XCBuildConfiguration section */
		2D1277F814B86371005D1986 /* Debug */ = {
			isa = XCBuildConfiguration;
			buildSettings = {
				ALWAYS_SEARCH_USER_PATHS = NO;
				ARCHS = "$(ARCHS_STANDARD_32_BIT)";
				"CODE_SIGN_IDENTITY[sdk=iphoneos*]" = "iPhone Developer";
				COPY_PHASE_STRIP = NO;
				GCC_C_LANGUAGE_STANDARD = gnu99;
				GCC_DYNAMIC_NO_PIC = NO;
				GCC_OPTIMIZATION_LEVEL = 0;
				GCC_PREPROCESSOR_DEFINITIONS = (
					"DEBUG=1",
					"$(inherited)",
				);
				GCC_SYMBOLS_PRIVATE_EXTERN = NO;
				GCC_VERSION = com.apple.compilers.llvm.clang.1_0;
				GCC_WARN_ABOUT_MISSING_PROTOTYPES = YES;
				GCC_WARN_ABOUT_RETURN_TYPE = YES;
				GCC_WARN_UNUSED_VARIABLE = YES;
				IPHONEOS_DEPLOYMENT_TARGET = 5.0;
				SDKROOT = iphoneos;
			};
			name = Debug;
		};
		2D1277F914B86371005D1986 /* Release */ = {
			isa = XCBuildConfiguration;
			buildSettings = {
				ALWAYS_SEARCH_USER_PATHS = NO;
				ARCHS = "$(ARCHS_STANDARD_32_BIT)";
				"CODE_SIGN_IDENTITY[sdk=iphoneos*]" = "iPhone Developer";
				COPY_PHASE_STRIP = YES;
				GCC_C_LANGUAGE_STANDARD = gnu99;
				GCC_VERSION = com.apple.compilers.llvm.clang.1_0;
				GCC_WARN_ABOUT_MISSING_PROTOTYPES = YES;
				GCC_WARN_ABOUT_RETURN_TYPE = YES;
				GCC_WARN_UNUSED_VARIABLE = YES;
				IPHONEOS_DEPLOYMENT_TARGET = 5.0;
				OTHER_CFLAGS = "-DNS_BLOCK_ASSERTIONS=1";
				SDKROOT = iphoneos;
				VALIDATE_PRODUCT = YES;
			};
			name = Release;
		};
		2D1277FB14B86371005D1986 /* Debug */ = {
			isa = XCBuildConfiguration;
			buildSettings = {
				GCC_PRECOMPILE_PREFIX_HEADER = YES;
				GCC_PREFIX_HEADER = "InAppMail-Example/InAppMail-Example-Prefix.pch";
				INFOPLIST_FILE = "InAppMail-Example/InAppMail-Example-Info.plist";
				IPHONEOS_DEPLOYMENT_TARGET = 3.0;
				PRODUCT_NAME = "$(TARGET_NAME)";
				WRAPPER_EXTENSION = app;
			};
			name = Debug;
		};
		2D1277FC14B86371005D1986 /* Release */ = {
			isa = XCBuildConfiguration;
			buildSettings = {
				GCC_PRECOMPILE_PREFIX_HEADER = YES;
				GCC_PREFIX_HEADER = "InAppMail-Example/InAppMail-Example-Prefix.pch";
				INFOPLIST_FILE = "InAppMail-Example/InAppMail-Example-Info.plist";
				IPHONEOS_DEPLOYMENT_TARGET = 3.0;
				PRODUCT_NAME = "$(TARGET_NAME)";
				WRAPPER_EXTENSION = app;
			};
			name = Release;
		};
/* End XCBuildConfiguration section */

/* Begin XCConfigurationList section */
		2D1277C814B86370005D1986 /* Build configuration list for PBXProject "InAppMail-Example" */ = {
			isa = XCConfigurationList;
			buildConfigurations = (
				2D1277F814B86371005D1986 /* Debug */,
				2D1277F914B86371005D1986 /* Release */,
			);
			defaultConfigurationIsVisible = 0;
			defaultConfigurationName = Release;
		};
		2D1277FA14B86371005D1986 /* Build configuration list for PBXNativeTarget "InAppMail-Example" */ = {
			isa = XCConfigurationList;
			buildConfigurations = (
				2D1277FB14B86371005D1986 /* Debug */,
				2D1277FC14B86371005D1986 /* Release */,
			);
			defaultConfigurationIsVisible = 0;
			defaultConfigurationName = Release;
		};
/* End XCConfigurationList section */
	};
	rootObject = 2D1277C514B86370005D1986 /* Project object */;
}
